
Microsoft Visual Studio Solution File, Format Version 12.00
Project("{FAE04EC0-301F-11D3-BF4B-00C04F79EFBC}") = "HeatPumpController.Controller.Svc", "HeatPumpController.Controller.Svc\HeatPumpController.Controller.Svc.csproj", "{431D1E94-6459-436F-9D22-E9ADDDC9AA56}"
EndProject
Project("{FAE04EC0-301F-11D3-BF4B-00C04F79EFBC}") = "HeatPumpController.Web", "HeatPumpController.Web\HeatPumpController.Web.csproj", "{D5480782-C3F0-4ED1-8327-3F34D3689542}"
EndProject
Global
	GlobalSection(SolutionConfigurationPlatforms) = preSolution
		Debug|Any CPU = Debug|Any CPU
		Release|Any CPU = Release|Any CPU
	EndGlobalSection
	GlobalSection(ProjectConfigurationPlatforms) = postSolution
		{431D1E94-6459-436F-9D22-E9ADDDC9AA56}.Debug|Any CPU.ActiveCfg = Debug|Any CPU
		{431D1E94-6459-436F-9D22-E9ADDDC9AA56}.Debug|Any CPU.Build.0 = Debug|Any CPU
		{431D1E94-6459-436F-9D22-E9ADDDC9AA56}.Release|Any CPU.ActiveCfg = Release|Any CPU
		{431D1E94-6459-436F-9D22-E9ADDDC9AA56}.Release|Any CPU.Build.0 = Release|Any CPU
		{D5480782-C3F0-4ED1-8327-3F34D3689542}.Debug|Any CPU.ActiveCfg = Debug|Any CPU
		{D5480782-C3F0-4ED1-8327-3F34D3689542}.Debug|Any CPU.Build.0 = Debug|Any CPU
		{D5480782-C3F0-4ED1-8327-3F34D3689542}.Release|Any CPU.ActiveCfg = Release|Any CPU
		{D5480782-C3F0-4ED1-8327-3F34D3689542}.Release|Any CPU.Build.0 = Release|Any CPU
	EndGlobalSection
EndGlobal
