
Microsoft Visual Studio Solution File, Format Version 12.00
Project("{FAE04EC0-301F-11D3-BF4B-00C04F79EFBC}") = "HeatPumpController", "HeatPumpController\HeatPumpController.csproj", "{8D97354A-68AE-4E3D-B253-7A966FA08F17}"
EndProject
Global
	GlobalSection(SolutionConfigurationPlatforms) = preSolution
		Debug|Any CPU = Debug|Any CPU
		Release|Any CPU = Release|Any CPU
	EndGlobalSection
	GlobalSection(ProjectConfigurationPlatforms) = postSolution
		{8D97354A-68AE-4E3D-B253-7A966FA08F17}.Debug|Any CPU.ActiveCfg = Debug|Any CPU
		{8D97354A-68AE-4E3D-B253-7A966FA08F17}.Debug|Any CPU.Build.0 = Debug|Any CPU
		{8D97354A-68AE-4E3D-B253-7A966FA08F17}.Release|Any CPU.ActiveCfg = Release|Any CPU
		{8D97354A-68AE-4E3D-B253-7A966FA08F17}.Release|Any CPU.Build.0 = Release|Any CPU
	EndGlobalSection
EndGlobal
